
Microsoft Visual Studio Solution File, Format Version 12.00
# Visual Studio Version 16
VisualStudioVersion = 16.0.31205.134
MinimumVisualStudioVersion = 10.0.40219.1
Project("{FAE04EC0-301F-11D3-BF4B-00C04F79EFBC}") = "Supervillain.Selenium.UI.Tests", "Supervillain.Selenium.UI.Tests\Supervillain.Selenium.UI.Tests.csproj", "{95183DB4-04F5-496F-A5AC-452E91F2D2F3}"
EndProject
Global
	GlobalSection(SolutionConfigurationPlatforms) = preSolution
		Debug|Any CPU = Debug|Any CPU
		Release|Any CPU = Release|Any CPU
	EndGlobalSection
	GlobalSection(ProjectConfigurationPlatforms) = postSolution
		{95183DB4-04F5-496F-A5AC-452E91F2D2F3}.Debug|Any CPU.ActiveCfg = Debug|Any CPU
		{95183DB4-04F5-496F-A5AC-452E91F2D2F3}.Debug|Any CPU.Build.0 = Debug|Any CPU
		{95183DB4-04F5-496F-A5AC-452E91F2D2F3}.Release|Any CPU.ActiveCfg = Release|Any CPU
		{95183DB4-04F5-496F-A5AC-452E91F2D2F3}.Release|Any CPU.Build.0 = Release|Any CPU
	EndGlobalSection
	GlobalSection(SolutionProperties) = preSolution
		HideSolutionNode = FALSE
	EndGlobalSection
	GlobalSection(ExtensibilityGlobals) = postSolution
		SolutionGuid = {EBA827DC-C051-4250-9064-B36DFF881679}
	EndGlobalSection
EndGlobal
